{
  "requires": true,
  "lockfileVersion": 1,
  "dependencies": {
    "react-hook-form": {
      "version": "7.22.1",
      "resolved": "https://registry.npmjs.org/react-hook-form/-/react-hook-form-7.22.1.tgz",
      "integrity": "sha512-c1jMj8k0AyvLhqU08B85HZGU2n1RknmyOEDcbROWaraW8kT4ga7kCsi/4XH6A7KCDzAM0sWoa30DVyqkIsJl9Q=="
    }
  }
}
